
Microsoft Visual Studio Solution File, Format Version 12.00
# Visual Studio Version 16
VisualStudioVersion = 16.0.31727.386
MinimumVisualStudioVersion = 10.0.40219.1
Project("{FAE04EC0-301F-11D3-BF4B-00C04F79EFBC}") = "ThietBiDienTuAPI", "ThietBiDienTuAPI\ThietBiDienTuAPI.csproj", "{4B546BC5-C64C-488F-A3D6-C979A0E16A71}"
EndProject
Global
	GlobalSection(SolutionConfigurationPlatforms) = preSolution
		Debug|Any CPU = Debug|Any CPU
		Release|Any CPU = Release|Any CPU
	EndGlobalSection
	GlobalSection(ProjectConfigurationPlatforms) = postSolution
		{4B546BC5-C64C-488F-A3D6-C979A0E16A71}.Debug|Any CPU.ActiveCfg = Debug|Any CPU
		{4B546BC5-C64C-488F-A3D6-C979A0E16A71}.Debug|Any CPU.Build.0 = Debug|Any CPU
		{4B546BC5-C64C-488F-A3D6-C979A0E16A71}.Release|Any CPU.ActiveCfg = Release|Any CPU
		{4B546BC5-C64C-488F-A3D6-C979A0E16A71}.Release|Any CPU.Build.0 = Release|Any CPU
	EndGlobalSection
	GlobalSection(SolutionProperties) = preSolution
		HideSolutionNode = FALSE
	EndGlobalSection
	GlobalSection(ExtensibilityGlobals) = postSolution
		SolutionGuid = {B6032C39-3EF4-468C-AFFD-B1437A0EF7B5}
	EndGlobalSection
EndGlobal
